// !$*UTF8*$!
{
	archiveVersion = 1;
	classes = {
	};
	objectVersion = 46;
	objects = {

/* Begin PBXBuildFile section */
		078A96509B3DEEDCF116ACA0 /* libPods.a in Frameworks */ = {isa = PBXBuildFile; fileRef = 56145DAFAAE7E1FBB80390D1 /* libPods.a */; };
		D3C96EF01C911A0E00F27D10 /* Networking.m in Sources */ = {isa = PBXBuildFile; fileRef = D3C96EEF1C911A0E00F27D10 /* Networking.m */; };
		D3C96EF21C911B8000F27D10 /* libicucore.tbd in Frameworks */ = {isa = PBXBuildFile; fileRef = D3C96EF11C911B8000F27D10 /* libicucore.tbd */; };
		D3C96EF41C911B8A00F27D10 /* libz.tbd in Frameworks */ = {isa = PBXBuildFile; fileRef = D3C96EF31C911B8A00F27D10 /* libz.tbd */; };
		D3C96EF61C911B9300F27D10 /* libstdc++.tbd in Frameworks */ = {isa = PBXBuildFile; fileRef = D3C96EF51C911B9300F27D10 /* libstdc++.tbd */; };
		D3C96EF81C911BA100F27D10 /* MessageUI.framework in Frameworks */ = {isa = PBXBuildFile; fileRef = D3C96EF71C911BA100F27D10 /* MessageUI.framework */; };
		D3C96EFA1C911BB800F27D10 /* JavaScriptCore.framework in Frameworks */ = {isa = PBXBuildFile; fileRef = D3C96EF91C911BB800F27D10 /* JavaScriptCore.framework */; };
		D3FEEF991C90FF7A00300710 /* main.m in Sources */ = {isa = PBXBuildFile; fileRef = D3FEEF981C90FF7A00300710 /* main.m */; };
		D3FEEFA21C90FF7A00300710 /* Main.storyboard in Resources */ = {isa = PBXBuildFile; fileRef = D3FEEFA01C90FF7A00300710 /* Main.storyboard */; };
		D3FEEFA41C90FF7A00300710 /* Assets.xcassets in Resources */ = {isa = PBXBuildFile; fileRef = D3FEEFA31C90FF7A00300710 /* Assets.xcassets */; };
		D3FEEFA71C90FF7A00300710 /* LaunchScreen.storyboard in Resources */ = {isa = PBXBuildFile; fileRef = D3FEEFA51C90FF7A00300710 /* LaunchScreen.storyboard */; };
		D3FEEFB21C90FF7A00300710 /* loveOfHeartsTests.m in Sources */ = {isa = PBXBuildFile; fileRef = D3FEEFB11C90FF7A00300710 /* loveOfHeartsTests.m */; };
		D3FEEFBD1C90FF7A00300710 /* loveOfHeartsUITests.m in Sources */ = {isa = PBXBuildFile; fileRef = D3FEEFBC1C90FF7A00300710 /* loveOfHeartsUITests.m */; };
		D3FEEFD01C90FFDE00300710 /* AppDelegate.m in Sources */ = {isa = PBXBuildFile; fileRef = D3FEEFCF1C90FFDE00300710 /* AppDelegate.m */; };
		D3FEEFD41C91006300300710 /* ViewController.m in Sources */ = {isa = PBXBuildFile; fileRef = D3FEEFD11C91006300300710 /* ViewController.m */; };
		D3FEEFD51C91006300300710 /* TopView.m in Sources */ = {isa = PBXBuildFile; fileRef = D3FEEFD31C91006300300710 /* TopView.m */; };
		D3FEEFDA1C910AE100300710 /* LoginViewController.m in Sources */ = {isa = PBXBuildFile; fileRef = D3FEEFD71C910AE100300710 /* LoginViewController.m */; };
		D3FEEFDB1C910AE100300710 /* RegisterViewController.m in Sources */ = {isa = PBXBuildFile; fileRef = D3FEEFD91C910AE100300710 /* RegisterViewController.m */; };
		D3FEEFE11C910B3400300710 /* PasswordViewController.m in Sources */ = {isa = PBXBuildFile; fileRef = D3FEEFDE1C910B3400300710 /* PasswordViewController.m */; };
		D3FEEFE21C910B3400300710 /* NewPasswordViewController.m in Sources */ = {isa = PBXBuildFile; fileRef = D3FEEFDF1C910B3400300710 /* NewPasswordViewController.m */; };
		D3FEEFE91C910B4400300710 /* SMS_SDKLocalizable.strings in Resources */ = {isa = PBXBuildFile; fileRef = D3FEEFE41C910B4400300710 /* SMS_SDKLocalizable.strings */; };
		D3FEEFEA1C910B4400300710 /* MOBFoundation.framework in Frameworks */ = {isa = PBXBuildFile; fileRef = D3FEEFE61C910B4400300710 /* MOBFoundation.framework */; };
		D3FEEFEB1C910B4400300710 /* SMS_SDK.framework in Frameworks */ = {isa = PBXBuildFile; fileRef = D3FEEFE71C910B4400300710 /* SMS_SDK.framework */; };
		D3FEEFEE1C910B5B00300710 /* username.png in Resources */ = {isa = PBXBuildFile; fileRef = D3FEEFEC1C910B5B00300710 /* username.png */; };
		D3FEEFEF1C910B5B00300710 /* userpassword.png in Resources */ = {isa = PBXBuildFile; fileRef = D3FEEFED1C910B5B00300710 /* userpassword.png */; };
/* End PBXBuildFile section */

/* Begin PBXContainerItemProxy section */
		D3FEEFAE1C90FF7A00300710 /* PBXContainerItemProxy */ = {
			isa = PBXContainerItemProxy;
			containerPortal = D3FEEF8C1C90FF7A00300710 /* Project object */;
			proxyType = 1;
			remoteGlobalIDString = D3FEEF931C90FF7A00300710;
			remoteInfo = loveOfHearts;
		};
		D3FEEFB91C90FF7A00300710 /* PBXContainerItemProxy */ = {
			isa = PBXContainerItemProxy;
			containerPortal = D3FEEF8C1C90FF7A00300710 /* Project object */;
			proxyType = 1;
			remoteGlobalIDString = D3FEEF931C90FF7A00300710;
			remoteInfo = loveOfHearts;
		};
/* End PBXContainerItemProxy section */

/* Begin PBXFileReference section */
		56145DAFAAE7E1FBB80390D1 /* libPods.a */ = {isa = PBXFileReference; explicitFileType = archive.ar; includeInIndex = 0; path = libPods.a; sourceTree = BUILT_PRODUCTS_DIR; };
		562340F4DB2D4F11AB8E1EA9 /* Pods.debug.xcconfig */ = {isa = PBXFileReference; includeInIndex = 1; lastKnownFileType = text.xcconfig; name = Pods.debug.xcconfig; path = "Pods/Target Support Files/Pods/Pods.debug.xcconfig"; sourceTree = "<group>"; };
		D3C96EEE1C911A0E00F27D10 /* Networking.h */ = {isa = PBXFileReference; fileEncoding = 4; lastKnownFileType = sourcecode.c.h; path = Networking.h; sourceTree = "<group>"; };
		D3C96EEF1C911A0E00F27D10 /* Networking.m */ = {isa = PBXFileReference; fileEncoding = 4; lastKnownFileType = sourcecode.c.objc; path = Networking.m; sourceTree = "<group>"; };
		D3C96EF11C911B8000F27D10 /* libicucore.tbd */ = {isa = PBXFileReference; lastKnownFileType = "sourcecode.text-based-dylib-definition"; name = libicucore.tbd; path = usr/lib/libicucore.tbd; sourceTree = SDKROOT; };
		D3C96EF31C911B8A00F27D10 /* libz.tbd */ = {isa = PBXFileReference; lastKnownFileType = "sourcecode.text-based-dylib-definition"; name = libz.tbd; path = usr/lib/libz.tbd; sourceTree = SDKROOT; };
		D3C96EF51C911B9300F27D10 /* libstdc++.tbd */ = {isa = PBXFileReference; lastKnownFileType = "sourcecode.text-based-dylib-definition"; name = "libstdc++.tbd"; path = "usr/lib/libstdc++.tbd"; sourceTree = SDKROOT; };
		D3C96EF71C911BA100F27D10 /* MessageUI.framework */ = {isa = PBXFileReference; lastKnownFileType = wrapper.framework; name = MessageUI.framework; path = System/Library/Frameworks/MessageUI.framework; sourceTree = SDKROOT; };
		D3C96EF91C911BB800F27D10 /* JavaScriptCore.framework */ = {isa = PBXFileReference; lastKnownFileType = wrapper.framework; name = JavaScriptCore.framework; path = System/Library/PrivateFrameworks/JavaScriptCore.framework; sourceTree = SDKROOT; };
		D3FEEF941C90FF7A00300710 /* loveOfHearts.app */ = {isa = PBXFileReference; explicitFileType = wrapper.application; includeInIndex = 0; path = loveOfHearts.app; sourceTree = BUILT_PRODUCTS_DIR; };
		D3FEEF981C90FF7A00300710 /* main.m */ = {isa = PBXFileReference; lastKnownFileType = sourcecode.c.objc; path = main.m; sourceTree = "<group>"; };
		D3FEEFA11C90FF7A00300710 /* Base */ = {isa = PBXFileReference; lastKnownFileType = file.storyboard; name = Base; path = Base.lproj/Main.storyboard; sourceTree = "<group>"; };
		D3FEEFA31C90FF7A00300710 /* Assets.xcassets */ = {isa = PBXFileReference; lastKnownFileType = folder.assetcatalog; path = Assets.xcassets; sourceTree = "<group>"; };
		D3FEEFA61C90FF7A00300710 /* Base */ = {isa = PBXFileReference; lastKnownFileType = file.storyboard; name = Base; path = Base.lproj/LaunchScreen.storyboard; sourceTree = "<group>"; };
		D3FEEFA81C90FF7A00300710 /* Info.plist */ = {isa = PBXFileReference; lastKnownFileType = text.plist.xml; path = Info.plist; sourceTree = "<group>"; };
		D3FEEFAD1C90FF7A00300710 /* loveOfHeartsTests.xctest */ = {isa = PBXFileReference; explicitFileType = wrapper.cfbundle; includeInIndex = 0; path = loveOfHeartsTests.xctest; sourceTree = BUILT_PRODUCTS_DIR; };
		D3FEEFB11C90FF7A00300710 /* loveOfHeartsTests.m */ = {isa = PBXFileReference; lastKnownFileType = sourcecode.c.objc; path = loveOfHeartsTests.m; sourceTree = "<group>"; };
		D3FEEFB31C90FF7A00300710 /* Info.plist */ = {isa = PBXFileReference; lastKnownFileType = text.plist.xml; path = Info.plist; sourceTree = "<group>"; };
		D3FEEFB81C90FF7A00300710 /* loveOfHeartsUITests.xctest */ = {isa = PBXFileReference; explicitFileType = wrapper.cfbundle; includeInIndex = 0; path = loveOfHeartsUITests.xctest; sourceTree = BUILT_PRODUCTS_DIR; };
		D3FEEFBC1C90FF7A00300710 /* loveOfHeartsUITests.m */ = {isa = PBXFileReference; lastKnownFileType = sourcecode.c.objc; path = loveOfHeartsUITests.m; sourceTree = "<group>"; };
		D3FEEFBE1C90FF7A00300710 /* Info.plist */ = {isa = PBXFileReference; lastKnownFileType = text.plist.xml; path = Info.plist; sourceTree = "<group>"; };
		D3FEEFCA1C90FF9700300710 /* ViewController.h */ = {isa = PBXFileReference; lastKnownFileType = sourcecode.c.h; path = ViewController.h; sourceTree = "<group>"; };
		D3FEEFCB1C90FFA300300710 /* Constant.h */ = {isa = PBXFileReference; lastKnownFileType = sourcecode.c.h; path = Constant.h; sourceTree = "<group>"; };
		D3FEEFCD1C90FFCD00300710 /* PrefixHeader.pch */ = {isa = PBXFileReference; lastKnownFileType = sourcecode.c.h; path = PrefixHeader.pch; sourceTree = "<group>"; };
		D3FEEFCE1C90FFDA00300710 /* AppDelegate.h */ = {isa = PBXFileReference; lastKnownFileType = sourcecode.c.h; path = AppDelegate.h; sourceTree = "<group>"; };
		D3FEEFCF1C90FFDE00300710 /* AppDelegate.m */ = {isa = PBXFileReference; fileEncoding = 4; lastKnownFileType = sourcecode.c.objc; path = AppDelegate.m; sourceTree = "<group>"; };
		D3FEEFD11C91006300300710 /* ViewController.m */ = {isa = PBXFileReference; fileEncoding = 4; lastKnownFileType = sourcecode.c.objc; path = ViewController.m; sourceTree = "<group>"; };
		D3FEEFD21C91006300300710 /* TopView.h */ = {isa = PBXFileReference; fileEncoding = 4; lastKnownFileType = sourcecode.c.h; path = TopView.h; sourceTree = "<group>"; };
		D3FEEFD31C91006300300710 /* TopView.m */ = {isa = PBXFileReference; fileEncoding = 4; lastKnownFileType = sourcecode.c.objc; path = TopView.m; sourceTree = "<group>"; };
		D3FEEFD71C910AE100300710 /* LoginViewController.m */ = {isa = PBXFileReference; fileEncoding = 4; lastKnownFileType = sourcecode.c.objc; path = LoginViewController.m; sourceTree = "<group>"; };
		D3FEEFD81C910AE100300710 /* RegisterViewController.h */ = {isa = PBXFileReference; fileEncoding = 4; lastKnownFileType = sourcecode.c.h; path = RegisterViewController.h; sourceTree = "<group>"; };
		D3FEEFD91C910AE100300710 /* RegisterViewController.m */ = {isa = PBXFileReference; fileEncoding = 4; lastKnownFileType = sourcecode.c.objc; path = RegisterViewController.m; sourceTree = "<group>"; };
		D3FEEFDC1C910AEB00300710 /* LoginViewController.h */ = {isa = PBXFileReference; lastKnownFileType = sourcecode.c.h; path = LoginViewController.h; sourceTree = "<group>"; };
		D3FEEFDD1C910B3400300710 /* NewPasswordViewController.h */ = {isa = PBXFileReference; fileEncoding = 4; lastKnownFileType = sourcecode.c.h; path = NewPasswordViewController.h; sourceTree = "<group>"; };
		D3FEEFDE1C910B3400300710 /* PasswordViewController.m */ = {isa = PBXFileReference; fileEncoding = 4; lastKnownFileType = sourcecode.c.objc; path = PasswordViewController.m; sourceTree = "<group>"; };
		D3FEEFDF1C910B3400300710 /* NewPasswordViewController.m */ = {isa = PBXFileReference; fileEncoding = 4; lastKnownFileType = sourcecode.c.objc; path = NewPasswordViewController.m; sourceTree = "<group>"; };
		D3FEEFE01C910B3400300710 /* PasswordViewController.h */ = {isa = PBXFileReference; fileEncoding = 4; lastKnownFileType = sourcecode.c.h; path = PasswordViewController.h; sourceTree = "<group>"; };
		D3FEEFE51C910B4400300710 /* en */ = {isa = PBXFileReference; lastKnownFileType = text.plist.strings; name = en; path = en.lproj/SMS_SDKLocalizable.strings; sourceTree = "<group>"; };
		D3FEEFE61C910B4400300710 /* MOBFoundation.framework */ = {isa = PBXFileReference; lastKnownFileType = wrapper.framework; path = MOBFoundation.framework; sourceTree = "<group>"; };
		D3FEEFE71C910B4400300710 /* SMS_SDK.framework */ = {isa = PBXFileReference; lastKnownFileType = wrapper.framework; path = SMS_SDK.framework; sourceTree = "<group>"; };
		D3FEEFE81C910B4400300710 /* zh-Hans */ = {isa = PBXFileReference; lastKnownFileType = text.plist.strings; name = "zh-Hans"; path = "zh-Hans.lproj/SMS_SDKLocalizable.strings"; sourceTree = "<group>"; };
		D3FEEFEC1C910B5B00300710 /* username.png */ = {isa = PBXFileReference; lastKnownFileType = image.png; path = username.png; sourceTree = "<group>"; };
		D3FEEFED1C910B5B00300710 /* userpassword.png */ = {isa = PBXFileReference; lastKnownFileType = image.png; path = userpassword.png; sourceTree = "<group>"; };
		F44883B1174E267EA4ADAC78 /* Pods.release.xcconfig */ = {isa = PBXFileReference; includeInIndex = 1; lastKnownFileType = text.xcconfig; name = Pods.release.xcconfig; path = "Pods/Target Support Files/Pods/Pods.release.xcconfig"; sourceTree = "<group>"; };
/* End PBXFileReference section */

/* Begin PBXFrameworksBuildPhase section */
		D3FEEF911C90FF7A00300710 /* Frameworks */ = {
			isa = PBXFrameworksBuildPhase;
			buildActionMask = 2147483647;
			files = (
				D3C96EFA1C911BB800F27D10 /* JavaScriptCore.framework in Frameworks */,
				D3C96EF81C911BA100F27D10 /* MessageUI.framework in Frameworks */,
				D3C96EF61C911B9300F27D10 /* libstdc++.tbd in Frameworks */,
				D3C96EF41C911B8A00F27D10 /* libz.tbd in Frameworks */,
				D3C96EF21C911B8000F27D10 /* libicucore.tbd in Frameworks */,
				D3FEEFEA1C910B4400300710 /* MOBFoundation.framework in Frameworks */,
				D3FEEFEB1C910B4400300710 /* SMS_SDK.framework in Frameworks */,
				078A96509B3DEEDCF116ACA0 /* libPods.a in Frameworks */,
			);
			runOnlyForDeploymentPostprocessing = 0;
		};
		D3FEEFAA1C90FF7A00300710 /* Frameworks */ = {
			isa = PBXFrameworksBuildPhase;
			buildActionMask = 2147483647;
			files = (
			);
			runOnlyForDeploymentPostprocessing = 0;
		};
		D3FEEFB51C90FF7A00300710 /* Frameworks */ = {
			isa = PBXFrameworksBuildPhase;
			buildActionMask = 2147483647;
			files = (
			);
			runOnlyForDeploymentPostprocessing = 0;
		};
/* End PBXFrameworksBuildPhase section */

/* Begin PBXGroup section */
		65BEE6D796BF49FA8A7C4D05 /* Frameworks */ = {
			isa = PBXGroup;
			children = (
				D3C96EF91C911BB800F27D10 /* JavaScriptCore.framework */,
				D3C96EF71C911BA100F27D10 /* MessageUI.framework */,
				D3C96EF51C911B9300F27D10 /* libstdc++.tbd */,
				D3C96EF31C911B8A00F27D10 /* libz.tbd */,
				D3C96EF11C911B8000F27D10 /* libicucore.tbd */,
				56145DAFAAE7E1FBB80390D1 /* libPods.a */,
			);
			name = Frameworks;
			sourceTree = "<group>";
		};
		D3FEEF8B1C90FF7A00300710 = {
			isa = PBXGroup;
			children = (
				D3FEEF961C90FF7A00300710 /* loveOfHearts */,
				D3FEEFB01C90FF7A00300710 /* loveOfHeartsTests */,
				D3FEEFBB1C90FF7A00300710 /* loveOfHeartsUITests */,
				D3FEEF951C90FF7A00300710 /* Products */,
				EDEF6BB7F17F4D865181FF73 /* Pods */,
				65BEE6D796BF49FA8A7C4D05 /* Frameworks */,
			);
			sourceTree = "<group>";
		};
		D3FEEF951C90FF7A00300710 /* Products */ = {
			isa = PBXGroup;
			children = (
				D3FEEF941C90FF7A00300710 /* loveOfHearts.app */,
				D3FEEFAD1C90FF7A00300710 /* loveOfHeartsTests.xctest */,
				D3FEEFB81C90FF7A00300710 /* loveOfHeartsUITests.xctest */,
			);
			name = Products;
			sourceTree = "<group>";
		};
		D3FEEF961C90FF7A00300710 /* loveOfHearts */ = {
			isa = PBXGroup;
			children = (
				D3FEEFE31C910B4400300710 /* SMS_SDK */,
				D3FEEFD61C910ACF00300710 /* Login */,
				D3FEEFCF1C90FFDE00300710 /* AppDelegate.m */,
				D3FEEFCE1C90FFDA00300710 /* AppDelegate.h */,
				D3FEEFCD1C90FFCD00300710 /* PrefixHeader.pch */,
				D3FEEFCB1C90FFA300300710 /* Constant.h */,
				D3FEEFCA1C90FF9700300710 /* ViewController.h */,
				D3FEEFD11C91006300300710 /* ViewController.m */,
				D3FEEFD21C91006300300710 /* TopView.h */,
				D3FEEFD31C91006300300710 /* TopView.m */,
				D3FEEFA01C90FF7A00300710 /* Main.storyboard */,
				D3FEEFA31C90FF7A00300710 /* Assets.xcassets */,
				D3FEEFA51C90FF7A00300710 /* LaunchScreen.storyboard */,
				D3FEEFA81C90FF7A00300710 /* Info.plist */,
				D3FEEF971C90FF7A00300710 /* Supporting Files */,
			);
			path = loveOfHearts;
			sourceTree = "<group>";
		};
		D3FEEF971C90FF7A00300710 /* Supporting Files */ = {
			isa = PBXGroup;
			children = (
				D3FEEF981C90FF7A00300710 /* main.m */,
			);
			name = "Supporting Files";
			sourceTree = "<group>";
		};
		D3FEEFB01C90FF7A00300710 /* loveOfHeartsTests */ = {
			isa = PBXGroup;
			children = (
				D3FEEFB11C90FF7A00300710 /* loveOfHeartsTests.m */,
				D3FEEFB31C90FF7A00300710 /* Info.plist */,
			);
			path = loveOfHeartsTests;
			sourceTree = "<group>";
		};
		D3FEEFBB1C90FF7A00300710 /* loveOfHeartsUITests */ = {
			isa = PBXGroup;
			children = (
				D3FEEFBC1C90FF7A00300710 /* loveOfHeartsUITests.m */,
				D3FEEFBE1C90FF7A00300710 /* Info.plist */,
			);
			path = loveOfHeartsUITests;
			sourceTree = "<group>";
		};
		D3FEEFD61C910ACF00300710 /* Login */ = {
			isa = PBXGroup;
			children = (
				D3C96EEE1C911A0E00F27D10 /* Networking.h */,
				D3C96EEF1C911A0E00F27D10 /* Networking.m */,
				D3FEEFEC1C910B5B00300710 /* username.png */,
				D3FEEFED1C910B5B00300710 /* userpassword.png */,
				D3FEEFDD1C910B3400300710 /* NewPasswordViewController.h */,
				D3FEEFDE1C910B3400300710 /* PasswordViewController.m */,
				D3FEEFDF1C910B3400300710 /* NewPasswordViewController.m */,
				D3FEEFE01C910B3400300710 /* PasswordViewController.h */,
				D3FEEFDC1C910AEB00300710 /* LoginViewController.h */,
				D3FEEFD71C910AE100300710 /* LoginViewController.m */,
				D3FEEFD81C910AE100300710 /* RegisterViewController.h */,
				D3FEEFD91C910AE100300710 /* RegisterViewController.m */,
			);
			name = Login;
			sourceTree = "<group>";
		};
		D3FEEFE31C910B4400300710 /* SMS_SDK */ = {
			isa = PBXGroup;
			children = (
				D3FEEFE41C910B4400300710 /* SMS_SDKLocalizable.strings */,
				D3FEEFE61C910B4400300710 /* MOBFoundation.framework */,
				D3FEEFE71C910B4400300710 /* SMS_SDK.framework */,
			);
			path = SMS_SDK;
			sourceTree = "<group>";
		};
		EDEF6BB7F17F4D865181FF73 /* Pods */ = {
			isa = PBXGroup;
			children = (
				562340F4DB2D4F11AB8E1EA9 /* Pods.debug.xcconfig */,
				F44883B1174E267EA4ADAC78 /* Pods.release.xcconfig */,
			);
			name = Pods;
			sourceTree = "<group>";
		};
/* End PBXGroup section */

/* Begin PBXNativeTarget section */
		D3FEEF931C90FF7A00300710 /* loveOfHearts */ = {
			isa = PBXNativeTarget;
			buildConfigurationList = D3FEEFC11C90FF7A00300710 /* Build configuration list for PBXNativeTarget "loveOfHearts" */;
			buildPhases = (
				BEE22DD9101F8E2B4FC7191C /* Check Pods Manifest.lock */,
				D3FEEF901C90FF7A00300710 /* Sources */,
				D3FEEF911C90FF7A00300710 /* Frameworks */,
				D3FEEF921C90FF7A00300710 /* Resources */,
				023D6CDE20C1583099911B3C /* Embed Pods Frameworks */,
				57996EF593574BC934FAF5FA /* Copy Pods Resources */,
			);
			buildRules = (
			);
			dependencies = (
			);
			name = loveOfHearts;
			productName = loveOfHearts;
			productReference = D3FEEF941C90FF7A00300710 /* loveOfHearts.app */;
			productType = "com.apple.product-type.application";
		};
		D3FEEFAC1C90FF7A00300710 /* loveOfHeartsTests */ = {
			isa = PBXNativeTarget;
			buildConfigurationList = D3FEEFC41C90FF7A00300710 /* Build configuration list for PBXNativeTarget "loveOfHeartsTests" */;
			buildPhases = (
				D3FEEFA91C90FF7A00300710 /* Sources */,
				D3FEEFAA1C90FF7A00300710 /* Frameworks */,
				D3FEEFAB1C90FF7A00300710 /* Resources */,
			);
			buildRules = (
			);
			dependencies = (
				D3FEEFAF1C90FF7A00300710 /* PBXTargetDependency */,
			);
			name = loveOfHeartsTests;
			productName = loveOfHeartsTests;
			productReference = D3FEEFAD1C90FF7A00300710 /* loveOfHeartsTests.xctest */;
			productType = "com.apple.product-type.bundle.unit-test";
		};
		D3FEEFB71C90FF7A00300710 /* loveOfHeartsUITests */ = {
			isa = PBXNativeTarget;
			buildConfigurationList = D3FEEFC71C90FF7A00300710 /* Build configuration list for PBXNativeTarget "loveOfHeartsUITests" */;
			buildPhases = (
				D3FEEFB41C90FF7A00300710 /* Sources */,
				D3FEEFB51C90FF7A00300710 /* Frameworks */,
				D3FEEFB61C90FF7A00300710 /* Resources */,
			);
			buildRules = (
			);
			dependencies = (
				D3FEEFBA1C90FF7A00300710 /* PBXTargetDependency */,
			);
			name = loveOfHeartsUITests;
			productName = loveOfHeartsUITests;
			productReference = D3FEEFB81C90FF7A00300710 /* loveOfHeartsUITests.xctest */;
			productType = "com.apple.product-type.bundle.ui-testing";
		};
/* End PBXNativeTarget section */

/* Begin PBXProject section */
		D3FEEF8C1C90FF7A00300710 /* Project object */ = {
			isa = PBXProject;
			attributes = {
				LastUpgradeCheck = 0720;
				ORGANIZATIONNAME = "于恩聪";
				TargetAttributes = {
					D3FEEF931C90FF7A00300710 = {
						CreatedOnToolsVersion = 7.2.1;
					};
					D3FEEFAC1C90FF7A00300710 = {
						CreatedOnToolsVersion = 7.2.1;
						TestTargetID = D3FEEF931C90FF7A00300710;
					};
					D3FEEFB71C90FF7A00300710 = {
						CreatedOnToolsVersion = 7.2.1;
						TestTargetID = D3FEEF931C90FF7A00300710;
					};
				};
			};
			buildConfigurationList = D3FEEF8F1C90FF7A00300710 /* Build configuration list for PBXProject "loveOfHearts" */;
			compatibilityVersion = "Xcode 3.2";
			developmentRegion = English;
			hasScannedForEncodings = 0;
			knownRegions = (
				en,
				Base,
				"zh-Hans",
			);
			mainGroup = D3FEEF8B1C90FF7A00300710;
			productRefGroup = D3FEEF951C90FF7A00300710 /* Products */;
			projectDirPath = "";
			projectRoot = "";
			targets = (
				D3FEEF931C90FF7A00300710 /* loveOfHearts */,
				D3FEEFAC1C90FF7A00300710 /* loveOfHeartsTests */,
				D3FEEFB71C90FF7A00300710 /* loveOfHeartsUITests */,
			);
		};
/* End PBXProject section */

/* Begin PBXResourcesBuildPhase section */
		D3FEEF921C90FF7A00300710 /* Resources */ = {
			isa = PBXResourcesBuildPhase;
			buildActionMask = 2147483647;
			files = (
				D3FEEFEE1C910B5B00300710 /* username.png in Resources */,
				D3FEEFEF1C910B5B00300710 /* userpassword.png in Resources */,
				D3FEEFE91C910B4400300710 /* SMS_SDKLocalizable.strings in Resources */,
				D3FEEFA71C90FF7A00300710 /* LaunchScreen.storyboard in Resources */,
				D3FEEFA41C90FF7A00300710 /* Assets.xcassets in Resources */,
				D3FEEFA21C90FF7A00300710 /* Main.storyboard in Resources */,
			);
			runOnlyForDeploymentPostprocessing = 0;
		};
		D3FEEFAB1C90FF7A00300710 /* Resources */ = {
			isa = PBXResourcesBuildPhase;
			buildActionMask = 2147483647;
			files = (
			);
			runOnlyForDeploymentPostprocessing = 0;
		};
		D3FEEFB61C90FF7A00300710 /* Resources */ = {
			isa = PBXResourcesBuildPhase;
			buildActionMask = 2147483647;
			files = (
			);
			runOnlyForDeploymentPostprocessing = 0;
		};
/* End PBXResourcesBuildPhase section */

/* Begin PBXShellScriptBuildPhase section */
		023D6CDE20C1583099911B3C /* Embed Pods Frameworks */ = {
			isa = PBXShellScriptBuildPhase;
			buildActionMask = 2147483647;
			files = (
			);
			inputPaths = (
			);
			name = "Embed Pods Frameworks";
			outputPaths = (
			);
			runOnlyForDeploymentPostprocessing = 0;
			shellPath = /bin/sh;
			shellScript = "\"${SRCROOT}/Pods/Target Support Files/Pods/Pods-frameworks.sh\"\n";
			showEnvVarsInLog = 0;
		};
		57996EF593574BC934FAF5FA /* Copy Pods Resources */ = {
			isa = PBXShellScriptBuildPhase;
			buildActionMask = 2147483647;
			files = (
			);
			inputPaths = (
			);
			name = "Copy Pods Resources";
			outputPaths = (
			);
			runOnlyForDeploymentPostprocessing = 0;
			shellPath = /bin/sh;
			shellScript = "\"${SRCROOT}/Pods/Target Support Files/Pods/Pods-resources.sh\"\n";
			showEnvVarsInLog = 0;
		};
		BEE22DD9101F8E2B4FC7191C /* Check Pods Manifest.lock */ = {
			isa = PBXShellScriptBuildPhase;
			buildActionMask = 2147483647;
			files = (
			);
			inputPaths = (
			);
			name = "Check Pods Manifest.lock";
			outputPaths = (
			);
			runOnlyForDeploymentPostprocessing = 0;
			shellPath = /bin/sh;
			shellScript = "diff \"${PODS_ROOT}/../Podfile.lock\" \"${PODS_ROOT}/Manifest.lock\" > /dev/null\nif [[ $? != 0 ]] ; then\n    cat << EOM\nerror: The sandbox is not in sync with the Podfile.lock. Run 'pod install' or update your CocoaPods installation.\nEOM\n    exit 1\nfi\n";
			showEnvVarsInLog = 0;
		};
/* End PBXShellScriptBuildPhase section */

/* Begin PBXSourcesBuildPhase section */
		D3FEEF901C90FF7A00300710 /* Sources */ = {
			isa = PBXSourcesBuildPhase;
			buildActionMask = 2147483647;
			files = (
				D3FEEFD41C91006300300710 /* ViewController.m in Sources */,
				D3FEEFDB1C910AE100300710 /* RegisterViewController.m in Sources */,
				D3FEEFE21C910B3400300710 /* NewPasswordViewController.m in Sources */,
				D3FEEFD01C90FFDE00300710 /* AppDelegate.m in Sources */,
				D3FEEFE11C910B3400300710 /* PasswordViewController.m in Sources */,
				D3FEEFD51C91006300300710 /* TopView.m in Sources */,
				D3FEEF991C90FF7A00300710 /* main.m in Sources */,
				D3FEEFDA1C910AE100300710 /* LoginViewController.m in Sources */,
				D3C96EF01C911A0E00F27D10 /* Networking.m in Sources */,
			);
			runOnlyForDeploymentPostprocessing = 0;
		};
		D3FEEFA91C90FF7A00300710 /* Sources */ = {
			isa = PBXSourcesBuildPhase;
			buildActionMask = 2147483647;
			files = (
				D3FEEFB21C90FF7A00300710 /* loveOfHeartsTests.m in Sources */,
			);
			runOnlyForDeploymentPostprocessing = 0;
		};
		D3FEEFB41C90FF7A00300710 /* Sources */ = {
			isa = PBXSourcesBuildPhase;
			buildActionMask = 2147483647;
			files = (
				D3FEEFBD1C90FF7A00300710 /* loveOfHeartsUITests.m in Sources */,
			);
			runOnlyForDeploymentPostprocessing = 0;
		};
/* End PBXSourcesBuildPhase section */

/* Begin PBXTargetDependency section */
		D3FEEFAF1C90FF7A00300710 /* PBXTargetDependency */ = {
			isa = PBXTargetDependency;
			target = D3FEEF931C90FF7A00300710 /* loveOfHearts */;
			targetProxy = D3FEEFAE1C90FF7A00300710 /* PBXContainerItemProxy */;
		};
		D3FEEFBA1C90FF7A00300710 /* PBXTargetDependency */ = {
			isa = PBXTargetDependency;
			target = D3FEEF931C90FF7A00300710 /* loveOfHearts */;
			targetProxy = D3FEEFB91C90FF7A00300710 /* PBXContainerItemProxy */;
		};
/* End PBXTargetDependency section */

/* Begin PBXVariantGroup section */
		D3FEEFA01C90FF7A00300710 /* Main.storyboard */ = {
			isa = PBXVariantGroup;
			children = (
				D3FEEFA11C90FF7A00300710 /* Base */,
			);
			name = Main.storyboard;
			sourceTree = "<group>";
		};
		D3FEEFA51C90FF7A00300710 /* LaunchScreen.storyboard */ = {
			isa = PBXVariantGroup;
			children = (
				D3FEEFA61C90FF7A00300710 /* Base */,
			);
			name = LaunchScreen.storyboard;
			sourceTree = "<group>";
		};
		D3FEEFE41C910B4400300710 /* SMS_SDKLocalizable.strings */ = {
			isa = PBXVariantGroup;
			children = (
				D3FEEFE51C910B4400300710 /* en */,
				D3FEEFE81C910B4400300710 /* zh-Hans */,
			);
			name = SMS_SDKLocalizable.strings;
			sourceTree = "<group>";
		};
/* End PBXVariantGroup section */

/* Begin XCBuildConfiguration section */
		D3FEEFBF1C90FF7A00300710 /* Debug */ = {
			isa = XCBuildConfiguration;
			buildSettings = {
				ALWAYS_SEARCH_USER_PATHS = NO;
				CLANG_CXX_LANGUAGE_STANDARD = "gnu++0x";
				CLANG_CXX_LIBRARY = "libc++";
				CLANG_ENABLE_MODULES = YES;
				CLANG_ENABLE_OBJC_ARC = YES;
				CLANG_WARN_BOOL_CONVERSION = YES;
				CLANG_WARN_CONSTANT_CONVERSION = YES;
				CLANG_WARN_DIRECT_OBJC_ISA_USAGE = YES_ERROR;
				CLANG_WARN_EMPTY_BODY = YES;
				CLANG_WARN_ENUM_CONVERSION = YES;
				CLANG_WARN_INT_CONVERSION = YES;
				CLANG_WARN_OBJC_ROOT_CLASS = YES_ERROR;
				CLANG_WARN_UNREACHABLE_CODE = YES;
				CLANG_WARN__DUPLICATE_METHOD_MATCH = YES;
				"CODE_SIGN_IDENTITY[sdk=iphoneos*]" = "iPhone Developer";
				COPY_PHASE_STRIP = NO;
				DEBUG_INFORMATION_FORMAT = dwarf;
				ENABLE_STRICT_OBJC_MSGSEND = YES;
				ENABLE_TESTABILITY = YES;
				GCC_C_LANGUAGE_STANDARD = gnu99;
				GCC_DYNAMIC_NO_PIC = NO;
				GCC_NO_COMMON_BLOCKS = YES;
				GCC_OPTIMIZATION_LEVEL = 0;
				GCC_PREPROCESSOR_DEFINITIONS = (
					"DEBUG=1",
					"$(inherited)",
				);
				GCC_WARN_64_TO_32_BIT_CONVERSION = YES;
				GCC_WARN_ABOUT_RETURN_TYPE = YES_ERROR;
				GCC_WARN_UNDECLARED_SELECTOR = YES;
				GCC_WARN_UNINITIALIZED_AUTOS = YES_AGGRESSIVE;
				GCC_WARN_UNUSED_FUNCTION = YES;
				GCC_WARN_UNUSED_VARIABLE = YES;
				IPHONEOS_DEPLOYMENT_TARGET = 9.2;
				MTL_ENABLE_DEBUG_INFO = YES;
				ONLY_ACTIVE_ARCH = YES;
				SDKROOT = iphoneos;
			};
			name = Debug;
		};
		D3FEEFC01C90FF7A00300710 /* Release */ = {
			isa = XCBuildConfiguration;
			buildSettings = {
				ALWAYS_SEARCH_USER_PATHS = NO;
				CLANG_CXX_LANGUAGE_STANDARD = "gnu++0x";
				CLANG_CXX_LIBRARY = "libc++";
				CLANG_ENABLE_MODULES = YES;
				CLANG_ENABLE_OBJC_ARC = YES;
				CLANG_WARN_BOOL_CONVERSION = YES;
				CLANG_WARN_CONSTANT_CONVERSION = YES;
				CLANG_WARN_DIRECT_OBJC_ISA_USAGE = YES_ERROR;
				CLANG_WARN_EMPTY_BODY = YES;
				CLANG_WARN_ENUM_CONVERSION = YES;
				CLANG_WARN_INT_CONVERSION = YES;
				CLANG_WARN_OBJC_ROOT_CLASS = YES_ERROR;
				CLANG_WARN_UNREACHABLE_CODE = YES;
				CLANG_WARN__DUPLICATE_METHOD_MATCH = YES;
				"CODE_SIGN_IDENTITY[sdk=iphoneos*]" = "iPhone Developer";
				COPY_PHASE_STRIP = NO;
				DEBUG_INFORMATION_FORMAT = "dwarf-with-dsym";
				ENABLE_NS_ASSERTIONS = NO;
				ENABLE_STRICT_OBJC_MSGSEND = YES;
				GCC_C_LANGUAGE_STANDARD = gnu99;
				GCC_NO_COMMON_BLOCKS = YES;
				GCC_WARN_64_TO_32_BIT_CONVERSION = YES;
				GCC_WARN_ABOUT_RETURN_TYPE = YES_ERROR;
				GCC_WARN_UNDECLARED_SELECTOR = YES;
				GCC_WARN_UNINITIALIZED_AUTOS = YES_AGGRESSIVE;
				GCC_WARN_UNUSED_FUNCTION = YES;
				GCC_WARN_UNUSED_VARIABLE = YES;
				IPHONEOS_DEPLOYMENT_TARGET = 9.2;
				MTL_ENABLE_DEBUG_INFO = NO;
				SDKROOT = iphoneos;
				VALIDATE_PRODUCT = YES;
			};
			name = Release;
		};
		D3FEEFC21C90FF7A00300710 /* Debug */ = {
			isa = XCBuildConfiguration;
			baseConfigurationReference = 562340F4DB2D4F11AB8E1EA9 /* Pods.debug.xcconfig */;
			buildSettings = {
				ASSETCATALOG_COMPILER_APPICON_NAME = AppIcon;
				FRAMEWORK_SEARCH_PATHS = (
					"$(inherited)",
					"$(PROJECT_DIR)/loveOfHearts/SMS_SDK",
					"$(SDKROOT)$(SYSTEM_LIBRARY_DIR)/PrivateFrameworks",
				);
				GCC_INCREASE_PRECOMPILED_HEADER_SHARING = YES;
				GCC_PREFIX_HEADER = "$(SRCROOT)/loveOfHearts/PrefixHeader.pch";
				INFOPLIST_FILE = loveOfHearts/Info.plist;
				LD_RUNPATH_SEARCH_PATHS = "$(inherited) @executable_path/Frameworks";
				PRODUCT_BUNDLE_IDENTIFIER = com.runners.loveOfHearts;
				PRODUCT_NAME = "$(TARGET_NAME)";
			};
			name = Debug;
		};
		D3FEEFC31C90FF7A00300710 /* Release */ = {
			isa = XCBuildConfiguration;
			baseConfigurationReference = F44883B1174E267EA4ADAC78 /* Pods.release.xcconfig */;
			buildSettings = {
				ASSETCATALOG_COMPILER_APPICON_NAME = AppIcon;
				FRAMEWORK_SEARCH_PATHS = (
					"$(inherited)",
					"$(PROJECT_DIR)/loveOfHearts/SMS_SDK",
					"$(SDKROOT)$(SYSTEM_LIBRARY_DIR)/PrivateFrameworks",
				);
				GCC_INCREASE_PRECOMPILED_HEADER_SHARING = YES;
				GCC_PREFIX_HEADER = "$(SRCROOT)/loveOfHearts/PrefixHeader.pch";
				INFOPLIST_FILE = loveOfHearts/Info.plist;
				LD_RUNPATH_SEARCH_PATHS = "$(inherited) @executable_path/Frameworks";
				ONLY_ACTIVE_ARCH = YES;
				PRODUCT_BUNDLE_IDENTIFIER = com.runners.loveOfHearts;
				PRODUCT_NAME = "$(TARGET_NAME)";
			};
			name = Release;
		};
		D3FEEFC51C90FF7A00300710 /* Debug */ = {
			isa = XCBuildConfiguration;
			buildSettings = {
				BUNDLE_LOADER = "$(TEST_HOST)";
				INFOPLIST_FILE = loveOfHeartsTests/Info.plist;
				LD_RUNPATH_SEARCH_PATHS = "$(inherited) @executable_path/Frameworks @loader_path/Frameworks";
				PRODUCT_BUNDLE_IDENTIFIER = com.runners.loveOfHeartsTests;
				PRODUCT_NAME = "$(TARGET_NAME)";
				TEST_HOST = "$(BUILT_PRODUCTS_DIR)/loveOfHearts.app/loveOfHearts";
			};
			name = Debug;
		};
		D3FEEFC61C90FF7A00300710 /* Release */ = {
			isa = XCBuildConfiguration;
			buildSettings = {
				BUNDLE_LOADER = "$(TEST_HOST)";
				INFOPLIST_FILE = loveOfHeartsTests/Info.plist;
				LD_RUNPATH_SEARCH_PATHS = "$(inherited) @executable_path/Frameworks @loader_path/Frameworks";
				PRODUCT_BUNDLE_IDENTIFIER = com.runners.loveOfHeartsTests;
				PRODUCT_NAME = "$(TARGET_NAME)";
				TEST_HOST = "$(BUILT_PRODUCTS_DIR)/loveOfHearts.app/loveOfHearts";
			};
			name = Release;
		};
		D3FEEFC81C90FF7A00300710 /* Debug */ = {
			isa = XCBuildConfiguration;
			buildSettings = {
				INFOPLIST_FILE = loveOfHeartsUITests/Info.plist;
				LD_RUNPATH_SEARCH_PATHS = "$(inherited) @executable_path/Frameworks @loader_path/Frameworks";
				PRODUCT_BUNDLE_IDENTIFIER = com.runners.loveOfHeartsUITests;
				PRODUCT_NAME = "$(TARGET_NAME)";
				TEST_TARGET_NAME = loveOfHearts;
				USES_XCTRUNNER = YES;
			};
			name = Debug;
		};
		D3FEEFC91C90FF7A00300710 /* Release */ = {
			isa = XCBuildConfiguration;
			buildSettings = {
				INFOPLIST_FILE = loveOfHeartsUITests/Info.plist;
				LD_RUNPATH_SEARCH_PATHS = "$(inherited) @executable_path/Frameworks @loader_path/Frameworks";
				PRODUCT_BUNDLE_IDENTIFIER = com.runners.loveOfHeartsUITests;
				PRODUCT_NAME = "$(TARGET_NAME)";
				TEST_TARGET_NAME = loveOfHearts;
				USES_XCTRUNNER = YES;
			};
			name = Release;
		};
/* End XCBuildConfiguration section */

/* Begin XCConfigurationList section */
		D3FEEF8F1C90FF7A00300710 /* Build configuration list for PBXProject "loveOfHearts" */ = {
			isa = XCConfigurationList;
			buildConfigurations = (
				D3FEEFBF1C90FF7A00300710 /* Debug */,
				D3FEEFC01C90FF7A00300710 /* Release */,
			);
			defaultConfigurationIsVisible = 0;
			defaultConfigurationName = Release;
		};
		D3FEEFC11C90FF7A00300710 /* Build configuration list for PBXNativeTarget "loveOfHearts" */ = {
			isa = XCConfigurationList;
			buildConfigurations = (
				D3FEEFC21C90FF7A00300710 /* Debug */,
				D3FEEFC31C90FF7A00300710 /* Release */,
			);
			defaultConfigurationIsVisible = 0;
			defaultConfigurationName = Release;
		};
		D3FEEFC41C90FF7A00300710 /* Build configuration list for PBXNativeTarget "loveOfHeartsTests" */ = {
			isa = XCConfigurationList;
			buildConfigurations = (
				D3FEEFC51C90FF7A00300710 /* Debug */,
				D3FEEFC61C90FF7A00300710 /* Release */,
			);
			defaultConfigurationIsVisible = 0;
			defaultConfigurationName = Release;
		};
		D3FEEFC71C90FF7A00300710 /* Build configuration list for PBXNativeTarget "loveOfHeartsUITests" */ = {
			isa = XCConfigurationList;
			buildConfigurations = (
				D3FEEFC81C90FF7A00300710 /* Debug */,
				D3FEEFC91C90FF7A00300710 /* Release */,
			);
			defaultConfigurationIsVisible = 0;
			defaultConfigurationName = Release;
		};
/* End XCConfigurationList section */
	};
	rootObject = D3FEEF8C1C90FF7A00300710 /* Project object */;
}
